<Solution>
    <Folder Name="/Solution Items/">
        <File Path="Directory.Packages.props" />
    </Folder>
    <Folder Name="/Solution Items/demo/">
        <File Path="demo/Directory.Build.targets" />
    </Folder>
    <Project Path="src/Irihi.Iconica.IconPark/Irihi.Iconica.IconPark.csproj" />
    <Project Path="demo/IconDemo/IconDemo.csproj" />
    <Project Path="src/Irihi.Iconica.Core/Irihi.Iconica.Core.csproj" />
    <Project Path="src/IconGenerator/IconGenerator.csproj" />
    <Project Path="src/Irihi.Iconica.TDesign/Irihi.Iconica.TDesign.csproj" />
</Solution>
